{
  "name": "notification-core",
  "version": "1.0.0",
  "lockfileVersion": 3,
  "requires": true,
  "packages": {
    "": {
      "name": "notification-core",
      "version": "1.0.0",
      "license": "ISC",
      "dependencies": {
        "@etron/shared": "file:../../../shared/etron-shared-1.0.0.tgz"
      }
    },
    "node_modules/@etron/shared": {
      "version": "1.0.0",
      "resolved": "file:../../../shared/etron-shared-1.0.0.tgz",
      "integrity": "sha512-+4k9UKg+RBPCgH67x78HiNe7XqqjmaIG14F4N45EeUAAmVd+ZLqu7/4KcXUpn/Lr2tpWAARIqqX63BZYGz0TJw=="
    }
  }
}
